
Microsoft Visual Studio Solution File, Format Version 12.00
# Visual Studio Version 17
VisualStudioVersion = 17.11.35327.3
MinimumVisualStudioVersion = 10.0.40219.1
Project("{9A19103F-16F7-4668-BE54-9A1E7A4F7556}") = "FundooNotesProject", "FundoNotesProject\FundooNotesProject.csproj", "{6ED13B6C-FB25-4B17-8C88-A4609D5BBFE5}"
EndProject
Project("{9A19103F-16F7-4668-BE54-9A1E7A4F7556}") = "RepositoryLayer", "RepositoryLayer\RepositoryLayer.csproj", "{74788D8A-FD07-4038-986D-E9AB0724674E}"
EndProject
Project("{9A19103F-16F7-4668-BE54-9A1E7A4F7556}") = "ManagerLayer", "ManagerLayer\ManagerLayer.csproj", "{BC45AC19-6C10-4F5E-A690-243FB66EB031}"
EndProject
Project("{9A19103F-16F7-4668-BE54-9A1E7A4F7556}") = "CommonLayer", "CommonLayer\CommonLayer.csproj", "{6619DC17-B6AB-4471-A4B2-9F29016E54EF}"
EndProject
Global
	GlobalSection(SolutionConfigurationPlatforms) = preSolution
		Debug|Any CPU = Debug|Any CPU
		Release|Any CPU = Release|Any CPU
	EndGlobalSection
	GlobalSection(ProjectConfigurationPlatforms) = postSolution
		{6ED13B6C-FB25-4B17-8C88-A4609D5BBFE5}.Debug|Any CPU.ActiveCfg = Debug|Any CPU
		{6ED13B6C-FB25-4B17-8C88-A4609D5BBFE5}.Debug|Any CPU.Build.0 = Debug|Any CPU
		{6ED13B6C-FB25-4B17-8C88-A4609D5BBFE5}.Release|Any CPU.ActiveCfg = Release|Any CPU
		{6ED13B6C-FB25-4B17-8C88-A4609D5BBFE5}.Release|Any CPU.Build.0 = Release|Any CPU
		{74788D8A-FD07-4038-986D-E9AB0724674E}.Debug|Any CPU.ActiveCfg = Debug|Any CPU
		{74788D8A-FD07-4038-986D-E9AB0724674E}.Debug|Any CPU.Build.0 = Debug|Any CPU
		{74788D8A-FD07-4038-986D-E9AB0724674E}.Release|Any CPU.ActiveCfg = Release|Any CPU
		{74788D8A-FD07-4038-986D-E9AB0724674E}.Release|Any CPU.Build.0 = Release|Any CPU
		{BC45AC19-6C10-4F5E-A690-243FB66EB031}.Debug|Any CPU.ActiveCfg = Debug|Any CPU
		{BC45AC19-6C10-4F5E-A690-243FB66EB031}.Debug|Any CPU.Build.0 = Debug|Any CPU
		{BC45AC19-6C10-4F5E-A690-243FB66EB031}.Release|Any CPU.ActiveCfg = Release|Any CPU
		{BC45AC19-6C10-4F5E-A690-243FB66EB031}.Release|Any CPU.Build.0 = Release|Any CPU
		{6619DC17-B6AB-4471-A4B2-9F29016E54EF}.Debug|Any CPU.ActiveCfg = Debug|Any CPU
		{6619DC17-B6AB-4471-A4B2-9F29016E54EF}.Debug|Any CPU.Build.0 = Debug|Any CPU
		{6619DC17-B6AB-4471-A4B2-9F29016E54EF}.Release|Any CPU.ActiveCfg = Release|Any CPU
		{6619DC17-B6AB-4471-A4B2-9F29016E54EF}.Release|Any CPU.Build.0 = Release|Any CPU
	EndGlobalSection
	GlobalSection(SolutionProperties) = preSolution
		HideSolutionNode = FALSE
	EndGlobalSection
	GlobalSection(ExtensibilityGlobals) = postSolution
		SolutionGuid = {2EF94BBE-B261-4315-BCE8-D41AFF1DBA97}
	EndGlobalSection
EndGlobal
